<Solution>
  <Folder Name="/Client/">
    <Project Path="Client/MasterData.Client.csproj" />
  </Folder>
  <Folder Name="/Core/">
    <Project Path="Application/MasterData.Application.csproj" />
    <Project Path="Domain/MasterData.Domain.csproj" />
  </Folder>
  <Folder Name="/Infrastructure/">
    <Project Path="Infrastructure/MasterData.Infrastructure.csproj" />
  </Folder>
  <Folder Name="/Presentation/">
    <Project Path="Presentation/MasterData.Api.csproj" />
  </Folder>
  <Folder Name="/Solution Files/">
    <File Path=".gitignore" />
  </Folder>
</Solution>
