<Solution>
  <Folder Name="/Core/">
    <Project Path="Application/WeatherInsights.Bff.Application.csproj" />
    <Project Path="Domain/WeatherInsights.Bff.Domain.csproj" />
  </Folder>
  <Folder Name="/Infrastructure/">
    <Project Path="Infrastructure/WeatherInsights.Bff.Infrastructure.csproj" />
  </Folder>
  <Folder Name="/Presentation/">
    <Project Path="Presentation/WeatherInsights.Bff.Api.csproj" />
  </Folder>
  <Folder Name="/Solution files/">
    <File Path="Dockerfile" />
    <File Path="GitVersion.yml" />
  </Folder>
</Solution>
